
Microsoft Visual Studio Solution File, Format Version 12.00
# Visual Studio Version 16
VisualStudioVersion = 16.0.31112.23
MinimumVisualStudioVersion = 10.0.40219.1
Project("{FAE04EC0-301F-11D3-BF4B-00C04F79EFBC}") = "dbupa-application", "dbupa-application\dbupa-application.csproj", "{D3CB6215-E5CB-49CC-B857-A28FADF6C163}"
EndProject
Global
	GlobalSection(SolutionConfigurationPlatforms) = preSolution
		Debug|Any CPU = Debug|Any CPU
		Release|Any CPU = Release|Any CPU
	EndGlobalSection
	GlobalSection(ProjectConfigurationPlatforms) = postSolution
		{D3CB6215-E5CB-49CC-B857-A28FADF6C163}.Debug|Any CPU.ActiveCfg = Debug|Any CPU
		{D3CB6215-E5CB-49CC-B857-A28FADF6C163}.Debug|Any CPU.Build.0 = Debug|Any CPU
		{D3CB6215-E5CB-49CC-B857-A28FADF6C163}.Release|Any CPU.ActiveCfg = Release|Any CPU
		{D3CB6215-E5CB-49CC-B857-A28FADF6C163}.Release|Any CPU.Build.0 = Release|Any CPU
	EndGlobalSection
	GlobalSection(SolutionProperties) = preSolution
		HideSolutionNode = FALSE
	EndGlobalSection
	GlobalSection(ExtensibilityGlobals) = postSolution
		SolutionGuid = {78545D42-67DE-441F-BA27-DD2753B4CEF5}
	EndGlobalSection
EndGlobal
